{
  "name": "bingojs",
  "version": "1.0.0",
  "lockfileVersion": 1,
  "requires": true,
  "dependencies": {
    "lodash": {
      "version": "4.17.21",
      "resolved": "https://registry.npmjs.org/lodash/-/lodash-4.17.21.tgz",
      "integrity": "sha512-v2kDEe57lecTulaDIuNTPy3Ry4gLGJ6Z1O3vE1krgXZNrsQ+LFTGHVxVjcXPs17LhbZVGedAJv8XZ1tvj5FvSg=="
    },
    "pokedex.js": {
      "version": "2.3.0",
      "resolved": "https://registry.npmjs.org/pokedex.js/-/pokedex.js-2.3.0.tgz",
      "integrity": "sha512-vdb/nth9NebN2DPptF1ZKxcQI45flKNiHJtBJTQpn2h6WR/gksPEZjWIU/bRk0lF0yom7Jxp5GpWrnx1w/OMsQ=="
    }
  }
}
